// !$*UTF8*$!
{
	archiveVersion = 1;
	classes = {
	};
	objectVersion = 56;
	objects = {

/* Begin PBXBuildFile section */
		7B003B4F2BE80C3B0008FA4D /* CommentCellview.swift in Sources */ = {isa = PBXBuildFile; fileRef = 7B003B4E2BE80C3B0008FA4D /* CommentCellview.swift */; };
		7B003B512BE811C80008FA4D /* CommentVC.swift in Sources */ = {isa = PBXBuildFile; fileRef = 7B003B502BE811C80008FA4D /* CommentVC.swift */; };
		7B40D9112BB702270070CB63 /* MapViewVC.swift in Sources */ = {isa = PBXBuildFile; fileRef = 7B40D9102BB702270070CB63 /* MapViewVC.swift */; };
		7B81AB192B95FBA2006CCF4C /* AppDelegate.swift in Sources */ = {isa = PBXBuildFile; fileRef = 7B81AB182B95FBA2006CCF4C /* AppDelegate.swift */; };
		7B81AB1B2B95FBA2006CCF4C /* SceneDelegate.swift in Sources */ = {isa = PBXBuildFile; fileRef = 7B81AB1A2B95FBA2006CCF4C /* SceneDelegate.swift */; };
		7B81AB1D2B95FBA2006CCF4C /* ViewController.swift in Sources */ = {isa = PBXBuildFile; fileRef = 7B81AB1C2B95FBA2006CCF4C /* ViewController.swift */; };
		7B81AB202B95FBA2006CCF4C /* Main.storyboard in Resources */ = {isa = PBXBuildFile; fileRef = 7B81AB1E2B95FBA2006CCF4C /* Main.storyboard */; };
		7B81AB222B95FBA3006CCF4C /* Assets.xcassets in Resources */ = {isa = PBXBuildFile; fileRef = 7B81AB212B95FBA3006CCF4C /* Assets.xcassets */; };
		7B81AB252B95FBA3006CCF4C /* LaunchScreen.storyboard in Resources */ = {isa = PBXBuildFile; fileRef = 7B81AB232B95FBA3006CCF4C /* LaunchScreen.storyboard */; };
		7B81AB2D2B95FC9F006CCF4C /* GoogleService-Info.plist in Resources */ = {isa = PBXBuildFile; fileRef = 7B81AB2C2B95FC9F006CCF4C /* GoogleService-Info.plist */; };
		7B81AB302B95FD13006CCF4C /* FirebaseAnalytics in Frameworks */ = {isa = PBXBuildFile; productRef = 7B81AB2F2B95FD13006CCF4C /* FirebaseAnalytics */; };
		7B81AB322B95FD13006CCF4C /* FirebaseAnalyticsOnDeviceConversion in Frameworks */ = {isa = PBXBuildFile; productRef = 7B81AB312B95FD13006CCF4C /* FirebaseAnalyticsOnDeviceConversion */; };
		7B81AB342B95FD13006CCF4C /* FirebaseAnalyticsSwift in Frameworks */ = {isa = PBXBuildFile; productRef = 7B81AB332B95FD13006CCF4C /* FirebaseAnalyticsSwift */; };
		7B81AB362B95FD13006CCF4C /* FirebaseAnalyticsWithoutAdIdSupport in Frameworks */ = {isa = PBXBuildFile; productRef = 7B81AB352B95FD13006CCF4C /* FirebaseAnalyticsWithoutAdIdSupport */; };
		7B81AB382B95FD13006CCF4C /* FirebaseAppCheck in Frameworks */ = {isa = PBXBuildFile; productRef = 7B81AB372B95FD13006CCF4C /* FirebaseAppCheck */; };
		7B81AB3A2B95FD13006CCF4C /* FirebaseAppDistribution-Beta in Frameworks */ = {isa = PBXBuildFile; productRef = 7B81AB392B95FD13006CCF4C /* FirebaseAppDistribution-Beta */; };
		7B81AB3C2B95FD13006CCF4C /* FirebaseAuth in Frameworks */ = {isa = PBXBuildFile; productRef = 7B81AB3B2B95FD13006CCF4C /* FirebaseAuth */; };
		7B81AB3E2B95FD13006CCF4C /* FirebaseAuthCombine-Community in Frameworks */ = {isa = PBXBuildFile; productRef = 7B81AB3D2B95FD13006CCF4C /* FirebaseAuthCombine-Community */; };
		7B81AB402B95FD13006CCF4C /* FirebaseCrashlytics in Frameworks */ = {isa = PBXBuildFile; productRef = 7B81AB3F2B95FD13006CCF4C /* FirebaseCrashlytics */; };
		7B81AB422B95FD13006CCF4C /* FirebaseDatabase in Frameworks */ = {isa = PBXBuildFile; productRef = 7B81AB412B95FD13006CCF4C /* FirebaseDatabase */; };
		7B81AB442B95FD13006CCF4C /* FirebaseDatabaseSwift in Frameworks */ = {isa = PBXBuildFile; productRef = 7B81AB432B95FD13006CCF4C /* FirebaseDatabaseSwift */; };
		7B81AB462B95FD13006CCF4C /* FirebaseDynamicLinks in Frameworks */ = {isa = PBXBuildFile; productRef = 7B81AB452B95FD13006CCF4C /* FirebaseDynamicLinks */; };
		7B81AB482B95FD13006CCF4C /* FirebaseFirestore in Frameworks */ = {isa = PBXBuildFile; productRef = 7B81AB472B95FD13006CCF4C /* FirebaseFirestore */; };
		7B81AB4A2B95FD13006CCF4C /* FirebaseFirestoreCombine-Community in Frameworks */ = {isa = PBXBuildFile; productRef = 7B81AB492B95FD13006CCF4C /* FirebaseFirestoreCombine-Community */; };
		7B81AB4C2B95FD13006CCF4C /* FirebaseFirestoreSwift in Frameworks */ = {isa = PBXBuildFile; productRef = 7B81AB4B2B95FD13006CCF4C /* FirebaseFirestoreSwift */; };
		7B81AB4E2B95FD13006CCF4C /* FirebaseFunctions in Frameworks */ = {isa = PBXBuildFile; productRef = 7B81AB4D2B95FD13006CCF4C /* FirebaseFunctions */; };
		7B81AB502B95FD13006CCF4C /* FirebaseFunctionsCombine-Community in Frameworks */ = {isa = PBXBuildFile; productRef = 7B81AB4F2B95FD13006CCF4C /* FirebaseFunctionsCombine-Community */; };
		7B81AB522B95FD13006CCF4C /* FirebaseInAppMessaging-Beta in Frameworks */ = {isa = PBXBuildFile; productRef = 7B81AB512B95FD13006CCF4C /* FirebaseInAppMessaging-Beta */; };
		7B81AB542B95FD13006CCF4C /* FirebaseInAppMessagingSwift-Beta in Frameworks */ = {isa = PBXBuildFile; productRef = 7B81AB532B95FD13006CCF4C /* FirebaseInAppMessagingSwift-Beta */; };
		7B81AB562B95FD13006CCF4C /* FirebaseInstallations in Frameworks */ = {isa = PBXBuildFile; productRef = 7B81AB552B95FD13006CCF4C /* FirebaseInstallations */; };
		7B81AB582B95FD13006CCF4C /* FirebaseMLModelDownloader in Frameworks */ = {isa = PBXBuildFile; productRef = 7B81AB572B95FD13006CCF4C /* FirebaseMLModelDownloader */; };
		7B81AB5A2B95FD13006CCF4C /* FirebaseMessaging in Frameworks */ = {isa = PBXBuildFile; productRef = 7B81AB592B95FD13006CCF4C /* FirebaseMessaging */; };
		7B81AB5C2B95FD13006CCF4C /* FirebasePerformance in Frameworks */ = {isa = PBXBuildFile; productRef = 7B81AB5B2B95FD13006CCF4C /* FirebasePerformance */; };
		7B81AB5E2B95FD13006CCF4C /* FirebaseRemoteConfig in Frameworks */ = {isa = PBXBuildFile; productRef = 7B81AB5D2B95FD13006CCF4C /* FirebaseRemoteConfig */; };
		7B81AB602B95FD13006CCF4C /* FirebaseRemoteConfigSwift in Frameworks */ = {isa = PBXBuildFile; productRef = 7B81AB5F2B95FD13006CCF4C /* FirebaseRemoteConfigSwift */; };
		7B81AB622B95FD13006CCF4C /* FirebaseStorage in Frameworks */ = {isa = PBXBuildFile; productRef = 7B81AB612B95FD13006CCF4C /* FirebaseStorage */; };
		7B81AB642B95FD13006CCF4C /* FirebaseStorageCombine-Community in Frameworks */ = {isa = PBXBuildFile; productRef = 7B81AB632B95FD13006CCF4C /* FirebaseStorageCombine-Community */; };
		7B81AB662B95FE02006CCF4C /* UploadVC.swift in Sources */ = {isa = PBXBuildFile; fileRef = 7B81AB652B95FE02006CCF4C /* UploadVC.swift */; };
		7B81AB682B95FE3C006CCF4C /* FeedVC.swift in Sources */ = {isa = PBXBuildFile; fileRef = 7B81AB672B95FE3C006CCF4C /* FeedVC.swift */; };
		7B81AB6A2B95FE5C006CCF4C /* SettingsVC.swift in Sources */ = {isa = PBXBuildFile; fileRef = 7B81AB692B95FE5C006CCF4C /* SettingsVC.swift */; };
		7BA1C5712BED6FF6004BEA36 /* FixedSignUpVC.swift in Sources */ = {isa = PBXBuildFile; fileRef = 7BA1C5702BED6FF6004BEA36 /* FixedSignUpVC.swift */; };
		7BB3DBC12BB73E1C00DAD93E /* SuperNatureCoreData.xcdatamodeld in Sources */ = {isa = PBXBuildFile; fileRef = 7BB3DBBF2BB73E1C00DAD93E /* SuperNatureCoreData.xcdatamodeld */; };
		7BC38F2C2B99052C00FF6517 /* FeedCell.swift in Sources */ = {isa = PBXBuildFile; fileRef = 7BC38F2B2B99052C00FF6517 /* FeedCell.swift */; };
		7BF2B2452B9B289A00A0D2A5 /* SDWebImage in Frameworks */ = {isa = PBXBuildFile; productRef = 7BF2B2442B9B289A00A0D2A5 /* SDWebImage */; };
		7BF2B2472B9B289A00A0D2A5 /* SDWebImageMapKit in Frameworks */ = {isa = PBXBuildFile; productRef = 7BF2B2462B9B289A00A0D2A5 /* SDWebImageMapKit */; };
/* End PBXBuildFile section */

/* Begin PBXFileReference section */
		7B003B4E2BE80C3B0008FA4D /* CommentCellview.swift */ = {isa = PBXFileReference; lastKnownFileType = sourcecode.swift; path = CommentCellview.swift; sourceTree = "<group>"; };
		7B003B502BE811C80008FA4D /* CommentVC.swift */ = {isa = PBXFileReference; lastKnownFileType = sourcecode.swift; path = CommentVC.swift; sourceTree = "<group>"; };
		7B40D9102BB702270070CB63 /* MapViewVC.swift */ = {isa = PBXFileReference; lastKnownFileType = sourcecode.swift; path = MapViewVC.swift; sourceTree = "<group>"; };
		7B81AB152B95FBA2006CCF4C /* SuperNature.app */ = {isa = PBXFileReference; explicitFileType = wrapper.application; includeInIndex = 0; path = SuperNature.app; sourceTree = BUILT_PRODUCTS_DIR; };
		7B81AB182B95FBA2006CCF4C /* AppDelegate.swift */ = {isa = PBXFileReference; lastKnownFileType = sourcecode.swift; path = AppDelegate.swift; sourceTree = "<group>"; };
		7B81AB1A2B95FBA2006CCF4C /* SceneDelegate.swift */ = {isa = PBXFileReference; lastKnownFileType = sourcecode.swift; path = SceneDelegate.swift; sourceTree = "<group>"; };
		7B81AB1C2B95FBA2006CCF4C /* ViewController.swift */ = {isa = PBXFileReference; lastKnownFileType = sourcecode.swift; path = ViewController.swift; sourceTree = "<group>"; };
		7B81AB1F2B95FBA2006CCF4C /* Base */ = {isa = PBXFileReference; lastKnownFileType = file.storyboard; name = Base; path = Base.lproj/Main.storyboard; sourceTree = "<group>"; };
		7B81AB212B95FBA3006CCF4C /* Assets.xcassets */ = {isa = PBXFileReference; lastKnownFileType = folder.assetcatalog; path = Assets.xcassets; sourceTree = "<group>"; };
		7B81AB242B95FBA3006CCF4C /* Base */ = {isa = PBXFileReference; lastKnownFileType = file.storyboard; name = Base; path = Base.lproj/LaunchScreen.storyboard; sourceTree = "<group>"; };
		7B81AB262B95FBA3006CCF4C /* Info.plist */ = {isa = PBXFileReference; lastKnownFileType = text.plist.xml; path = Info.plist; sourceTree = "<group>"; };
		7B81AB2C2B95FC9F006CCF4C /* GoogleService-Info.plist */ = {isa = PBXFileReference; fileEncoding = 4; lastKnownFileType = text.plist.xml; path = "GoogleService-Info.plist"; sourceTree = "<group>"; };
		7B81AB652B95FE02006CCF4C /* UploadVC.swift */ = {isa = PBXFileReference; lastKnownFileType = sourcecode.swift; path = UploadVC.swift; sourceTree = "<group>"; };
		7B81AB672B95FE3C006CCF4C /* FeedVC.swift */ = {isa = PBXFileReference; lastKnownFileType = sourcecode.swift; path = FeedVC.swift; sourceTree = "<group>"; wrapsLines = 0; };
		7B81AB692B95FE5C006CCF4C /* SettingsVC.swift */ = {isa = PBXFileReference; lastKnownFileType = sourcecode.swift; path = SettingsVC.swift; sourceTree = "<group>"; };
		7BA1C5702BED6FF6004BEA36 /* FixedSignUpVC.swift */ = {isa = PBXFileReference; lastKnownFileType = sourcecode.swift; path = FixedSignUpVC.swift; sourceTree = "<group>"; };
		7BB3DBC02BB73E1C00DAD93E /* SuperNatureCoreData.xcdatamodel */ = {isa = PBXFileReference; lastKnownFileType = wrapper.xcdatamodel; path = SuperNatureCoreData.xcdatamodel; sourceTree = "<group>"; };
		7BC38F2B2B99052C00FF6517 /* FeedCell.swift */ = {isa = PBXFileReference; lastKnownFileType = sourcecode.swift; path = FeedCell.swift; sourceTree = "<group>"; };
/* End PBXFileReference section */

/* Begin PBXFrameworksBuildPhase section */
		7B81AB122B95FBA2006CCF4C /* Frameworks */ = {
			isa = PBXFrameworksBuildPhase;
			buildActionMask = 2147483647;
			files = (
				7BF2B2472B9B289A00A0D2A5 /* SDWebImageMapKit in Frameworks */,
				7B81AB422B95FD13006CCF4C /* FirebaseDatabase in Frameworks */,
				7B81AB502B95FD13006CCF4C /* FirebaseFunctionsCombine-Community in Frameworks */,
				7B81AB482B95FD13006CCF4C /* FirebaseFirestore in Frameworks */,
				7B81AB342B95FD13006CCF4C /* FirebaseAnalyticsSwift in Frameworks */,
				7B81AB302B95FD13006CCF4C /* FirebaseAnalytics in Frameworks */,
				7B81AB322B95FD13006CCF4C /* FirebaseAnalyticsOnDeviceConversion in Frameworks */,
				7B81AB582B95FD13006CCF4C /* FirebaseMLModelDownloader in Frameworks */,
				7B81AB4C2B95FD13006CCF4C /* FirebaseFirestoreSwift in Frameworks */,
				7B81AB382B95FD13006CCF4C /* FirebaseAppCheck in Frameworks */,
				7B81AB362B95FD13006CCF4C /* FirebaseAnalyticsWithoutAdIdSupport in Frameworks */,
				7BF2B2452B9B289A00A0D2A5 /* SDWebImage in Frameworks */,
				7B81AB3C2B95FD13006CCF4C /* FirebaseAuth in Frameworks */,
				7B81AB402B95FD13006CCF4C /* FirebaseCrashlytics in Frameworks */,
				7B81AB602B95FD13006CCF4C /* FirebaseRemoteConfigSwift in Frameworks */,
				7B81AB522B95FD13006CCF4C /* FirebaseInAppMessaging-Beta in Frameworks */,
				7B81AB442B95FD13006CCF4C /* FirebaseDatabaseSwift in Frameworks */,
				7B81AB4E2B95FD13006CCF4C /* FirebaseFunctions in Frameworks */,
				7B81AB642B95FD13006CCF4C /* FirebaseStorageCombine-Community in Frameworks */,
				7B81AB5E2B95FD13006CCF4C /* FirebaseRemoteConfig in Frameworks */,
				7B81AB3A2B95FD13006CCF4C /* FirebaseAppDistribution-Beta in Frameworks */,
				7B81AB3E2B95FD13006CCF4C /* FirebaseAuthCombine-Community in Frameworks */,
				7B81AB5C2B95FD13006CCF4C /* FirebasePerformance in Frameworks */,
				7B81AB542B95FD13006CCF4C /* FirebaseInAppMessagingSwift-Beta in Frameworks */,
				7B81AB622B95FD13006CCF4C /* FirebaseStorage in Frameworks */,
				7B81AB462B95FD13006CCF4C /* FirebaseDynamicLinks in Frameworks */,
				7B81AB4A2B95FD13006CCF4C /* FirebaseFirestoreCombine-Community in Frameworks */,
				7B81AB5A2B95FD13006CCF4C /* FirebaseMessaging in Frameworks */,
				7B81AB562B95FD13006CCF4C /* FirebaseInstallations in Frameworks */,
			);
			runOnlyForDeploymentPostprocessing = 0;
		};
/* End PBXFrameworksBuildPhase section */

/* Begin PBXGroup section */
		7B81AB0C2B95FBA1006CCF4C = {
			isa = PBXGroup;
			children = (
				7B81AB172B95FBA2006CCF4C /* SuperNature */,
				7B81AB162B95FBA2006CCF4C /* Products */,
			);
			sourceTree = "<group>";
		};
		7B81AB162B95FBA2006CCF4C /* Products */ = {
			isa = PBXGroup;
			children = (
				7B81AB152B95FBA2006CCF4C /* SuperNature.app */,
			);
			name = Products;
			sourceTree = "<group>";
		};
		7B81AB172B95FBA2006CCF4C /* SuperNature */ = {
			isa = PBXGroup;
			children = (
				7B81AB182B95FBA2006CCF4C /* AppDelegate.swift */,
				7B81AB1A2B95FBA2006CCF4C /* SceneDelegate.swift */,
				7B81AB1C2B95FBA2006CCF4C /* ViewController.swift */,
				7B81AB652B95FE02006CCF4C /* UploadVC.swift */,
				7B81AB672B95FE3C006CCF4C /* FeedVC.swift */,
				7B81AB692B95FE5C006CCF4C /* SettingsVC.swift */,
				7BC38F2B2B99052C00FF6517 /* FeedCell.swift */,
				7B40D9102BB702270070CB63 /* MapViewVC.swift */,
				7B003B4E2BE80C3B0008FA4D /* CommentCellview.swift */,
				7B003B502BE811C80008FA4D /* CommentVC.swift */,
				7BA1C5702BED6FF6004BEA36 /* FixedSignUpVC.swift */,
				7BB3DBBF2BB73E1C00DAD93E /* SuperNatureCoreData.xcdatamodeld */,
				7B81AB1E2B95FBA2006CCF4C /* Main.storyboard */,
				7B81AB212B95FBA3006CCF4C /* Assets.xcassets */,
				7B81AB232B95FBA3006CCF4C /* LaunchScreen.storyboard */,
				7B81AB262B95FBA3006CCF4C /* Info.plist */,
				7B81AB2C2B95FC9F006CCF4C /* GoogleService-Info.plist */,
			);
			path = SuperNature;
			sourceTree = "<group>";
		};
/* End PBXGroup section */

/* Begin PBXNativeTarget section */
		7B81AB142B95FBA2006CCF4C /* SuperNature */ = {
			isa = PBXNativeTarget;
			buildConfigurationList = 7B81AB292B95FBA3006CCF4C /* Build configuration list for PBXNativeTarget "SuperNature" */;
			buildPhases = (
				7B81AB112B95FBA2006CCF4C /* Sources */,
				7B81AB122B95FBA2006CCF4C /* Frameworks */,
				7B81AB132B95FBA2006CCF4C /* Resources */,
			);
			buildRules = (
			);
			dependencies = (
			);
			name = SuperNature;
			packageProductDependencies = (
				7B81AB2F2B95FD13006CCF4C /* FirebaseAnalytics */,
				7B81AB312B95FD13006CCF4C /* FirebaseAnalyticsOnDeviceConversion */,
				7B81AB332B95FD13006CCF4C /* FirebaseAnalyticsSwift */,
				7B81AB352B95FD13006CCF4C /* FirebaseAnalyticsWithoutAdIdSupport */,
				7B81AB372B95FD13006CCF4C /* FirebaseAppCheck */,
				7B81AB392B95FD13006CCF4C /* FirebaseAppDistribution-Beta */,
				7B81AB3B2B95FD13006CCF4C /* FirebaseAuth */,
				7B81AB3D2B95FD13006CCF4C /* FirebaseAuthCombine-Community */,
				7B81AB3F2B95FD13006CCF4C /* FirebaseCrashlytics */,
				7B81AB412B95FD13006CCF4C /* FirebaseDatabase */,
				7B81AB432B95FD13006CCF4C /* FirebaseDatabaseSwift */,
				7B81AB452B95FD13006CCF4C /* FirebaseDynamicLinks */,
				7B81AB472B95FD13006CCF4C /* FirebaseFirestore */,
				7B81AB492B95FD13006CCF4C /* FirebaseFirestoreCombine-Community */,
				7B81AB4B2B95FD13006CCF4C /* FirebaseFirestoreSwift */,
				7B81AB4D2B95FD13006CCF4C /* FirebaseFunctions */,
				7B81AB4F2B95FD13006CCF4C /* FirebaseFunctionsCombine-Community */,
				7B81AB512B95FD13006CCF4C /* FirebaseInAppMessaging-Beta */,
				7B81AB532B95FD13006CCF4C /* FirebaseInAppMessagingSwift-Beta */,
				7B81AB552B95FD13006CCF4C /* FirebaseInstallations */,
				7B81AB572B95FD13006CCF4C /* FirebaseMLModelDownloader */,
				7B81AB592B95FD13006CCF4C /* FirebaseMessaging */,
				7B81AB5B2B95FD13006CCF4C /* FirebasePerformance */,
				7B81AB5D2B95FD13006CCF4C /* FirebaseRemoteConfig */,
				7B81AB5F2B95FD13006CCF4C /* FirebaseRemoteConfigSwift */,
				7B81AB612B95FD13006CCF4C /* FirebaseStorage */,
				7B81AB632B95FD13006CCF4C /* FirebaseStorageCombine-Community */,
				7BF2B2442B9B289A00A0D2A5 /* SDWebImage */,
				7BF2B2462B9B289A00A0D2A5 /* SDWebImageMapKit */,
			);
			productName = SuperNature;
			productReference = 7B81AB152B95FBA2006CCF4C /* SuperNature.app */;
			productType = "com.apple.product-type.application";
		};
/* End PBXNativeTarget section */

/* Begin PBXProject section */
		7B81AB0D2B95FBA1006CCF4C /* Project object */ = {
			isa = PBXProject;
			attributes = {
				BuildIndependentTargetsInParallel = 1;
				LastSwiftUpdateCheck = 1520;
				LastUpgradeCheck = 1520;
				TargetAttributes = {
					7B81AB142B95FBA2006CCF4C = {
						CreatedOnToolsVersion = 15.2;
					};
				};
			};
			buildConfigurationList = 7B81AB102B95FBA1006CCF4C /* Build configuration list for PBXProject "SuperNature" */;
			compatibilityVersion = "Xcode 14.0";
			developmentRegion = en;
			hasScannedForEncodings = 0;
			knownRegions = (
				en,
				Base,
			);
			mainGroup = 7B81AB0C2B95FBA1006CCF4C;
			packageReferences = (
				7B81AB2E2B95FD13006CCF4C /* XCRemoteSwiftPackageReference "firebase-ios-sdk" */,
				7BF2B2432B9B289A00A0D2A5 /* XCRemoteSwiftPackageReference "SDWebImage" */,
			);
			productRefGroup = 7B81AB162B95FBA2006CCF4C /* Products */;
			projectDirPath = "";
			projectRoot = "";
			targets = (
				7B81AB142B95FBA2006CCF4C /* SuperNature */,
			);
		};
/* End PBXProject section */

/* Begin PBXResourcesBuildPhase section */
		7B81AB132B95FBA2006CCF4C /* Resources */ = {
			isa = PBXResourcesBuildPhase;
			buildActionMask = 2147483647;
			files = (
				7B81AB252B95FBA3006CCF4C /* LaunchScreen.storyboard in Resources */,
				7B81AB2D2B95FC9F006CCF4C /* GoogleService-Info.plist in Resources */,
				7B81AB222B95FBA3006CCF4C /* Assets.xcassets in Resources */,
				7B81AB202B95FBA2006CCF4C /* Main.storyboard in Resources */,
			);
			runOnlyForDeploymentPostprocessing = 0;
		};
/* End PBXResourcesBuildPhase section */

/* Begin PBXSourcesBuildPhase section */
		7B81AB112B95FBA2006CCF4C /* Sources */ = {
			isa = PBXSourcesBuildPhase;
			buildActionMask = 2147483647;
			files = (
				7BB3DBC12BB73E1C00DAD93E /* SuperNatureCoreData.xcdatamodeld in Sources */,
				7BC38F2C2B99052C00FF6517 /* FeedCell.swift in Sources */,
				7B81AB1D2B95FBA2006CCF4C /* ViewController.swift in Sources */,
				7B81AB192B95FBA2006CCF4C /* AppDelegate.swift in Sources */,
				7B81AB682B95FE3C006CCF4C /* FeedVC.swift in Sources */,
				7B40D9112BB702270070CB63 /* MapViewVC.swift in Sources */,
				7B003B512BE811C80008FA4D /* CommentVC.swift in Sources */,
				7B81AB1B2B95FBA2006CCF4C /* SceneDelegate.swift in Sources */,
				7B81AB662B95FE02006CCF4C /* UploadVC.swift in Sources */,
				7B003B4F2BE80C3B0008FA4D /* CommentCellview.swift in Sources */,
				7BA1C5712BED6FF6004BEA36 /* FixedSignUpVC.swift in Sources */,
				7B81AB6A2B95FE5C006CCF4C /* SettingsVC.swift in Sources */,
			);
			runOnlyForDeploymentPostprocessing = 0;
		};
/* End PBXSourcesBuildPhase section */

/* Begin PBXVariantGroup section */
		7B81AB1E2B95FBA2006CCF4C /* Main.storyboard */ = {
			isa = PBXVariantGroup;
			children = (
				7B81AB1F2B95FBA2006CCF4C /* Base */,
			);
			name = Main.storyboard;
			sourceTree = "<group>";
		};
		7B81AB232B95FBA3006CCF4C /* LaunchScreen.storyboard */ = {
			isa = PBXVariantGroup;
			children = (
				7B81AB242B95FBA3006CCF4C /* Base */,
			);
			name = LaunchScreen.storyboard;
			sourceTree = "<group>";
		};
/* End PBXVariantGroup section */

/* Begin XCBuildConfiguration section */
		7B81AB272B95FBA3006CCF4C /* Debug */ = {
			isa = XCBuildConfiguration;
			buildSettings = {
				ALWAYS_SEARCH_USER_PATHS = NO;
				ASSETCATALOG_COMPILER_GENERATE_SWIFT_ASSET_SYMBOL_EXTENSIONS = YES;
				CLANG_ANALYZER_NONNULL = YES;
				CLANG_ANALYZER_NUMBER_OBJECT_CONVERSION = YES_AGGRESSIVE;
				CLANG_CXX_LANGUAGE_STANDARD = "gnu++20";
				CLANG_ENABLE_MODULES = YES;
				CLANG_ENABLE_OBJC_ARC = YES;
				CLANG_ENABLE_OBJC_WEAK = YES;
				CLANG_WARN_BLOCK_CAPTURE_AUTORELEASING = YES;
				CLANG_WARN_BOOL_CONVERSION = YES;
				CLANG_WARN_COMMA = YES;
				CLANG_WARN_CONSTANT_CONVERSION = YES;
				CLANG_WARN_DEPRECATED_OBJC_IMPLEMENTATIONS = YES;
				CLANG_WARN_DIRECT_OBJC_ISA_USAGE = YES_ERROR;
				CLANG_WARN_DOCUMENTATION_COMMENTS = YES;
				CLANG_WARN_EMPTY_BODY = YES;
				CLANG_WARN_ENUM_CONVERSION = YES;
				CLANG_WARN_INFINITE_RECURSION = YES;
				CLANG_WARN_INT_CONVERSION = YES;
				CLANG_WARN_NON_LITERAL_NULL_CONVERSION = YES;
				CLANG_WARN_OBJC_IMPLICIT_RETAIN_SELF = YES;
				CLANG_WARN_OBJC_LITERAL_CONVERSION = YES;
				CLANG_WARN_OBJC_ROOT_CLASS = YES_ERROR;
				CLANG_WARN_QUOTED_INCLUDE_IN_FRAMEWORK_HEADER = YES;
				CLANG_WARN_RANGE_LOOP_ANALYSIS = YES;
				CLANG_WARN_STRICT_PROTOTYPES = YES;
				CLANG_WARN_SUSPICIOUS_MOVE = YES;
				CLANG_WARN_UNGUARDED_AVAILABILITY = YES_AGGRESSIVE;
				CLANG_WARN_UNREACHABLE_CODE = YES;
				CLANG_WARN__DUPLICATE_METHOD_MATCH = YES;
				COPY_PHASE_STRIP = NO;
				DEBUG_INFORMATION_FORMAT = dwarf;
				ENABLE_STRICT_OBJC_MSGSEND = YES;
				ENABLE_TESTABILITY = YES;
				ENABLE_USER_SCRIPT_SANDBOXING = YES;
				GCC_C_LANGUAGE_STANDARD = gnu17;
				GCC_DYNAMIC_NO_PIC = NO;
				GCC_NO_COMMON_BLOCKS = YES;
				GCC_OPTIMIZATION_LEVEL = 0;
				GCC_PREPROCESSOR_DEFINITIONS = (
					"DEBUG=1",
					"$(inherited)",
				);
				GCC_WARN_64_TO_32_BIT_CONVERSION = YES;
				GCC_WARN_ABOUT_RETURN_TYPE = YES_ERROR;
				GCC_WARN_UNDECLARED_SELECTOR = YES;
				GCC_WARN_UNINITIALIZED_AUTOS = YES_AGGRESSIVE;
				GCC_WARN_UNUSED_FUNCTION = YES;
				GCC_WARN_UNUSED_VARIABLE = YES;
				IPHONEOS_DEPLOYMENT_TARGET = 17.2;
				LOCALIZATION_PREFERS_STRING_CATALOGS = YES;
				MTL_ENABLE_DEBUG_INFO = INCLUDE_SOURCE;
				MTL_FAST_MATH = YES;
				ONLY_ACTIVE_ARCH = YES;
				SDKROOT = iphoneos;
				SWIFT_ACTIVE_COMPILATION_CONDITIONS = "DEBUG $(inherited)";
				SWIFT_OPTIMIZATION_LEVEL = "-Onone";
			};
			name = Debug;
		};
		7B81AB282B95FBA3006CCF4C /* Release */ = {
			isa = XCBuildConfiguration;
			buildSettings = {
				ALWAYS_SEARCH_USER_PATHS = NO;
				ASSETCATALOG_COMPILER_GENERATE_SWIFT_ASSET_SYMBOL_EXTENSIONS = YES;
				CLANG_ANALYZER_NONNULL = YES;
				CLANG_ANALYZER_NUMBER_OBJECT_CONVERSION = YES_AGGRESSIVE;
				CLANG_CXX_LANGUAGE_STANDARD = "gnu++20";
				CLANG_ENABLE_MODULES = YES;
				CLANG_ENABLE_OBJC_ARC = YES;
				CLANG_ENABLE_OBJC_WEAK = YES;
				CLANG_WARN_BLOCK_CAPTURE_AUTORELEASING = YES;
				CLANG_WARN_BOOL_CONVERSION = YES;
				CLANG_WARN_COMMA = YES;
				CLANG_WARN_CONSTANT_CONVERSION = YES;
				CLANG_WARN_DEPRECATED_OBJC_IMPLEMENTATIONS = YES;
				CLANG_WARN_DIRECT_OBJC_ISA_USAGE = YES_ERROR;
				CLANG_WARN_DOCUMENTATION_COMMENTS = YES;
				CLANG_WARN_EMPTY_BODY = YES;
				CLANG_WARN_ENUM_CONVERSION = YES;
				CLANG_WARN_INFINITE_RECURSION = YES;
				CLANG_WARN_INT_CONVERSION = YES;
				CLANG_WARN_NON_LITERAL_NULL_CONVERSION = YES;
				CLANG_WARN_OBJC_IMPLICIT_RETAIN_SELF = YES;
				CLANG_WARN_OBJC_LITERAL_CONVERSION = YES;
				CLANG_WARN_OBJC_ROOT_CLASS = YES_ERROR;
				CLANG_WARN_QUOTED_INCLUDE_IN_FRAMEWORK_HEADER = YES;
				CLANG_WARN_RANGE_LOOP_ANALYSIS = YES;
				CLANG_WARN_STRICT_PROTOTYPES = YES;
				CLANG_WARN_SUSPICIOUS_MOVE = YES;
				CLANG_WARN_UNGUARDED_AVAILABILITY = YES_AGGRESSIVE;
				CLANG_WARN_UNREACHABLE_CODE = YES;
				CLANG_WARN__DUPLICATE_METHOD_MATCH = YES;
				COPY_PHASE_STRIP = NO;
				DEBUG_INFORMATION_FORMAT = "dwarf-with-dsym";
				ENABLE_NS_ASSERTIONS = NO;
				ENABLE_STRICT_OBJC_MSGSEND = YES;
				ENABLE_USER_SCRIPT_SANDBOXING = YES;
				GCC_C_LANGUAGE_STANDARD = gnu17;
				GCC_NO_COMMON_BLOCKS = YES;
				GCC_WARN_64_TO_32_BIT_CONVERSION = YES;
				GCC_WARN_ABOUT_RETURN_TYPE = YES_ERROR;
				GCC_WARN_UNDECLARED_SELECTOR = YES;
				GCC_WARN_UNINITIALIZED_AUTOS = YES_AGGRESSIVE;
				GCC_WARN_UNUSED_FUNCTION = YES;
				GCC_WARN_UNUSED_VARIABLE = YES;
				IPHONEOS_DEPLOYMENT_TARGET = 17.2;
				LOCALIZATION_PREFERS_STRING_CATALOGS = YES;
				MTL_ENABLE_DEBUG_INFO = NO;
				MTL_FAST_MATH = YES;
				SDKROOT = iphoneos;
				SWIFT_COMPILATION_MODE = wholemodule;
				VALIDATE_PRODUCT = YES;
			};
			name = Release;
		};
		7B81AB2A2B95FBA3006CCF4C /* Debug */ = {
			isa = XCBuildConfiguration;
			buildSettings = {
				ASSETCATALOG_COMPILER_APPICON_NAME = AppIcon;
				ASSETCATALOG_COMPILER_GLOBAL_ACCENT_COLOR_NAME = AccentColor;
				CODE_SIGN_STYLE = Automatic;
				CURRENT_PROJECT_VERSION = 1;
				DEVELOPMENT_TEAM = 795NVU7QM3;
				GENERATE_INFOPLIST_FILE = YES;
				INFOPLIST_FILE = SuperNature/Info.plist;
				INFOPLIST_KEY_UIApplicationSupportsIndirectInputEvents = YES;
				INFOPLIST_KEY_UILaunchStoryboardName = LaunchScreen;
				INFOPLIST_KEY_UIMainStoryboardFile = Main;
				INFOPLIST_KEY_UISupportedInterfaceOrientations_iPad = "UIInterfaceOrientationPortrait UIInterfaceOrientationPortraitUpsideDown UIInterfaceOrientationLandscapeLeft UIInterfaceOrientationLandscapeRight";
				INFOPLIST_KEY_UISupportedInterfaceOrientations_iPhone = "UIInterfaceOrientationPortrait UIInterfaceOrientationLandscapeLeft UIInterfaceOrientationLandscapeRight";
				LD_RUNPATH_SEARCH_PATHS = (
					"$(inherited)",
					"@executable_path/Frameworks",
				);
				MARKETING_VERSION = 1.0;
				PRODUCT_BUNDLE_IDENTIFIER = com.myfirstapp.SuperNature;
				PRODUCT_NAME = "$(TARGET_NAME)";
				SWIFT_EMIT_LOC_STRINGS = YES;
				SWIFT_VERSION = 5.0;
				TARGETED_DEVICE_FAMILY = "1,2";
			};
			name = Debug;
		};
		7B81AB2B2B95FBA3006CCF4C /* Release */ = {
			isa = XCBuildConfiguration;
			buildSettings = {
				ASSETCATALOG_COMPILER_APPICON_NAME = AppIcon;
				ASSETCATALOG_COMPILER_GLOBAL_ACCENT_COLOR_NAME = AccentColor;
				CODE_SIGN_STYLE = Automatic;
				CURRENT_PROJECT_VERSION = 1;
				DEVELOPMENT_TEAM = 795NVU7QM3;
				GENERATE_INFOPLIST_FILE = YES;
				INFOPLIST_FILE = SuperNature/Info.plist;
				INFOPLIST_KEY_UIApplicationSupportsIndirectInputEvents = YES;
				INFOPLIST_KEY_UILaunchStoryboardName = LaunchScreen;
				INFOPLIST_KEY_UIMainStoryboardFile = Main;
				INFOPLIST_KEY_UISupportedInterfaceOrientations_iPad = "UIInterfaceOrientationPortrait UIInterfaceOrientationPortraitUpsideDown UIInterfaceOrientationLandscapeLeft UIInterfaceOrientationLandscapeRight";
				INFOPLIST_KEY_UISupportedInterfaceOrientations_iPhone = "UIInterfaceOrientationPortrait UIInterfaceOrientationLandscapeLeft UIInterfaceOrientationLandscapeRight";
				LD_RUNPATH_SEARCH_PATHS = (
					"$(inherited)",
					"@executable_path/Frameworks",
				);
				MARKETING_VERSION = 1.0;
				PRODUCT_BUNDLE_IDENTIFIER = com.myfirstapp.SuperNature;
				PRODUCT_NAME = "$(TARGET_NAME)";
				SWIFT_EMIT_LOC_STRINGS = YES;
				SWIFT_VERSION = 5.0;
				TARGETED_DEVICE_FAMILY = "1,2";
			};
			name = Release;
		};
/* End XCBuildConfiguration section */

/* Begin XCConfigurationList section */
		7B81AB102B95FBA1006CCF4C /* Build configuration list for PBXProject "SuperNature" */ = {
			isa = XCConfigurationList;
			buildConfigurations = (
				7B81AB272B95FBA3006CCF4C /* Debug */,
				7B81AB282B95FBA3006CCF4C /* Release */,
			);
			defaultConfigurationIsVisible = 0;
			defaultConfigurationName = Release;
		};
		7B81AB292B95FBA3006CCF4C /* Build configuration list for PBXNativeTarget "SuperNature" */ = {
			isa = XCConfigurationList;
			buildConfigurations = (
				7B81AB2A2B95FBA3006CCF4C /* Debug */,
				7B81AB2B2B95FBA3006CCF4C /* Release */,
			);
			defaultConfigurationIsVisible = 0;
			defaultConfigurationName = Release;
		};
/* End XCConfigurationList section */

/* Begin XCRemoteSwiftPackageReference section */
		7B81AB2E2B95FD13006CCF4C /* XCRemoteSwiftPackageReference "firebase-ios-sdk" */ = {
			isa = XCRemoteSwiftPackageReference;
			repositoryURL = "https://github.com/firebase/firebase-ios-sdk";
			requirement = {
				kind = upToNextMajorVersion;
				minimumVersion = 10.21.0;
			};
		};
		7BF2B2432B9B289A00A0D2A5 /* XCRemoteSwiftPackageReference "SDWebImage" */ = {
			isa = XCRemoteSwiftPackageReference;
			repositoryURL = "https://github.com/SDWebImage/SDWebImage";
			requirement = {
				kind = upToNextMajorVersion;
				minimumVersion = 5.19.0;
			};
		};
/* End XCRemoteSwiftPackageReference section */

/* Begin XCSwiftPackageProductDependency section */
		7B81AB2F2B95FD13006CCF4C /* FirebaseAnalytics */ = {
			isa = XCSwiftPackageProductDependency;
			package = 7B81AB2E2B95FD13006CCF4C /* XCRemoteSwiftPackageReference "firebase-ios-sdk" */;
			productName = FirebaseAnalytics;
		};
		7B81AB312B95FD13006CCF4C /* FirebaseAnalyticsOnDeviceConversion */ = {
			isa = XCSwiftPackageProductDependency;
			package = 7B81AB2E2B95FD13006CCF4C /* XCRemoteSwiftPackageReference "firebase-ios-sdk" */;
			productName = FirebaseAnalyticsOnDeviceConversion;
		};
		7B81AB332B95FD13006CCF4C /* FirebaseAnalyticsSwift */ = {
			isa = XCSwiftPackageProductDependency;
			package = 7B81AB2E2B95FD13006CCF4C /* XCRemoteSwiftPackageReference "firebase-ios-sdk" */;
			productName = FirebaseAnalyticsSwift;
		};
		7B81AB352B95FD13006CCF4C /* FirebaseAnalyticsWithoutAdIdSupport */ = {
			isa = XCSwiftPackageProductDependency;
			package = 7B81AB2E2B95FD13006CCF4C /* XCRemoteSwiftPackageReference "firebase-ios-sdk" */;
			productName = FirebaseAnalyticsWithoutAdIdSupport;
		};
		7B81AB372B95FD13006CCF4C /* FirebaseAppCheck */ = {
			isa = XCSwiftPackageProductDependency;
			package = 7B81AB2E2B95FD13006CCF4C /* XCRemoteSwiftPackageReference "firebase-ios-sdk" */;
			productName = FirebaseAppCheck;
		};
		7B81AB392B95FD13006CCF4C /* FirebaseAppDistribution-Beta */ = {
			isa = XCSwiftPackageProductDependency;
			package = 7B81AB2E2B95FD13006CCF4C /* XCRemoteSwiftPackageReference "firebase-ios-sdk" */;
			productName = "FirebaseAppDistribution-Beta";
		};
		7B81AB3B2B95FD13006CCF4C /* FirebaseAuth */ = {
			isa = XCSwiftPackageProductDependency;
			package = 7B81AB2E2B95FD13006CCF4C /* XCRemoteSwiftPackageReference "firebase-ios-sdk" */;
			productName = FirebaseAuth;
		};
		7B81AB3D2B95FD13006CCF4C /* FirebaseAuthCombine-Community */ = {
			isa = XCSwiftPackageProductDependency;
			package = 7B81AB2E2B95FD13006CCF4C /* XCRemoteSwiftPackageReference "firebase-ios-sdk" */;
			productName = "FirebaseAuthCombine-Community";
		};
		7B81AB3F2B95FD13006CCF4C /* FirebaseCrashlytics */ = {
			isa = XCSwiftPackageProductDependency;
			package = 7B81AB2E2B95FD13006CCF4C /* XCRemoteSwiftPackageReference "firebase-ios-sdk" */;
			productName = FirebaseCrashlytics;
		};
		7B81AB412B95FD13006CCF4C /* FirebaseDatabase */ = {
			isa = XCSwiftPackageProductDependency;
			package = 7B81AB2E2B95FD13006CCF4C /* XCRemoteSwiftPackageReference "firebase-ios-sdk" */;
			productName = FirebaseDatabase;
		};
		7B81AB432B95FD13006CCF4C /* FirebaseDatabaseSwift */ = {
			isa = XCSwiftPackageProductDependency;
			package = 7B81AB2E2B95FD13006CCF4C /* XCRemoteSwiftPackageReference "firebase-ios-sdk" */;
			productName = FirebaseDatabaseSwift;
		};
		7B81AB452B95FD13006CCF4C /* FirebaseDynamicLinks */ = {
			isa = XCSwiftPackageProductDependency;
			package = 7B81AB2E2B95FD13006CCF4C /* XCRemoteSwiftPackageReference "firebase-ios-sdk" */;
			productName = FirebaseDynamicLinks;
		};
		7B81AB472B95FD13006CCF4C /* FirebaseFirestore */ = {
			isa = XCSwiftPackageProductDependency;
			package = 7B81AB2E2B95FD13006CCF4C /* XCRemoteSwiftPackageReference "firebase-ios-sdk" */;
			productName = FirebaseFirestore;
		};
		7B81AB492B95FD13006CCF4C /* FirebaseFirestoreCombine-Community */ = {
			isa = XCSwiftPackageProductDependency;
			package = 7B81AB2E2B95FD13006CCF4C /* XCRemoteSwiftPackageReference "firebase-ios-sdk" */;
			productName = "FirebaseFirestoreCombine-Community";
		};
		7B81AB4B2B95FD13006CCF4C /* FirebaseFirestoreSwift */ = {
			isa = XCSwiftPackageProductDependency;
			package = 7B81AB2E2B95FD13006CCF4C /* XCRemoteSwiftPackageReference "firebase-ios-sdk" */;
			productName = FirebaseFirestoreSwift;
		};
		7B81AB4D2B95FD13006CCF4C /* FirebaseFunctions */ = {
			isa = XCSwiftPackageProductDependency;
			package = 7B81AB2E2B95FD13006CCF4C /* XCRemoteSwiftPackageReference "firebase-ios-sdk" */;
			productName = FirebaseFunctions;
		};
		7B81AB4F2B95FD13006CCF4C /* FirebaseFunctionsCombine-Community */ = {
			isa = XCSwiftPackageProductDependency;
			package = 7B81AB2E2B95FD13006CCF4C /* XCRemoteSwiftPackageReference "firebase-ios-sdk" */;
			productName = "FirebaseFunctionsCombine-Community";
		};
		7B81AB512B95FD13006CCF4C /* FirebaseInAppMessaging-Beta */ = {
			isa = XCSwiftPackageProductDependency;
			package = 7B81AB2E2B95FD13006CCF4C /* XCRemoteSwiftPackageReference "firebase-ios-sdk" */;
			productName = "FirebaseInAppMessaging-Beta";
		};
		7B81AB532B95FD13006CCF4C /* FirebaseInAppMessagingSwift-Beta */ = {
			isa = XCSwiftPackageProductDependency;
			package = 7B81AB2E2B95FD13006CCF4C /* XCRemoteSwiftPackageReference "firebase-ios-sdk" */;
			productName = "FirebaseInAppMessagingSwift-Beta";
		};
		7B81AB552B95FD13006CCF4C /* FirebaseInstallations */ = {
			isa = XCSwiftPackageProductDependency;
			package = 7B81AB2E2B95FD13006CCF4C /* XCRemoteSwiftPackageReference "firebase-ios-sdk" */;
			productName = FirebaseInstallations;
		};
		7B81AB572B95FD13006CCF4C /* FirebaseMLModelDownloader */ = {
			isa = XCSwiftPackageProductDependency;
			package = 7B81AB2E2B95FD13006CCF4C /* XCRemoteSwiftPackageReference "firebase-ios-sdk" */;
			productName = FirebaseMLModelDownloader;
		};
		7B81AB592B95FD13006CCF4C /* FirebaseMessaging */ = {
			isa = XCSwiftPackageProductDependency;
			package = 7B81AB2E2B95FD13006CCF4C /* XCRemoteSwiftPackageReference "firebase-ios-sdk" */;
			productName = FirebaseMessaging;
		};
		7B81AB5B2B95FD13006CCF4C /* FirebasePerformance */ = {
			isa = XCSwiftPackageProductDependency;
			package = 7B81AB2E2B95FD13006CCF4C /* XCRemoteSwiftPackageReference "firebase-ios-sdk" */;
			productName = FirebasePerformance;
		};
		7B81AB5D2B95FD13006CCF4C /* FirebaseRemoteConfig */ = {
			isa = XCSwiftPackageProductDependency;
			package = 7B81AB2E2B95FD13006CCF4C /* XCRemoteSwiftPackageReference "firebase-ios-sdk" */;
			productName = FirebaseRemoteConfig;
		};
		7B81AB5F2B95FD13006CCF4C /* FirebaseRemoteConfigSwift */ = {
			isa = XCSwiftPackageProductDependency;
			package = 7B81AB2E2B95FD13006CCF4C /* XCRemoteSwiftPackageReference "firebase-ios-sdk" */;
			productName = FirebaseRemoteConfigSwift;
		};
		7B81AB612B95FD13006CCF4C /* FirebaseStorage */ = {
			isa = XCSwiftPackageProductDependency;
			package = 7B81AB2E2B95FD13006CCF4C /* XCRemoteSwiftPackageReference "firebase-ios-sdk" */;
			productName = FirebaseStorage;
		};
		7B81AB632B95FD13006CCF4C /* FirebaseStorageCombine-Community */ = {
			isa = XCSwiftPackageProductDependency;
			package = 7B81AB2E2B95FD13006CCF4C /* XCRemoteSwiftPackageReference "firebase-ios-sdk" */;
			productName = "FirebaseStorageCombine-Community";
		};
		7BF2B2442B9B289A00A0D2A5 /* SDWebImage */ = {
			isa = XCSwiftPackageProductDependency;
			package = 7BF2B2432B9B289A00A0D2A5 /* XCRemoteSwiftPackageReference "SDWebImage" */;
			productName = SDWebImage;
		};
		7BF2B2462B9B289A00A0D2A5 /* SDWebImageMapKit */ = {
			isa = XCSwiftPackageProductDependency;
			package = 7BF2B2432B9B289A00A0D2A5 /* XCRemoteSwiftPackageReference "SDWebImage" */;
			productName = SDWebImageMapKit;
		};
/* End XCSwiftPackageProductDependency section */

/* Begin XCVersionGroup section */
		7BB3DBBF2BB73E1C00DAD93E /* SuperNatureCoreData.xcdatamodeld */ = {
			isa = XCVersionGroup;
			children = (
				7BB3DBC02BB73E1C00DAD93E /* SuperNatureCoreData.xcdatamodel */,
			);
			currentVersion = 7BB3DBC02BB73E1C00DAD93E /* SuperNatureCoreData.xcdatamodel */;
			path = SuperNatureCoreData.xcdatamodeld;
			sourceTree = "<group>";
			versionGroupType = wrapper.xcdatamodel;
		};
/* End XCVersionGroup section */
	};
	rootObject = 7B81AB0D2B95FBA1006CCF4C /* Project object */;
}
